
Microsoft Visual Studio Solution File, Format Version 12.00
# Visual Studio Version 16
VisualStudioVersion = 16.0.30413.136
MinimumVisualStudioVersion = 10.0.40219.1
Project("{FAE04EC0-301F-11D3-BF4B-00C04F79EFBC}") = "K64_HTTT_Web", "K64_HTTT_Web\K64_HTTT_Web.csproj", "{1521212A-3FDE-4BBB-BD30-BC33C6A2F7D5}"
EndProject
Global
	GlobalSection(SolutionConfigurationPlatforms) = preSolution
		Debug|Any CPU = Debug|Any CPU
		Release|Any CPU = Release|Any CPU
	EndGlobalSection
	GlobalSection(ProjectConfigurationPlatforms) = postSolution
		{1521212A-3FDE-4BBB-BD30-BC33C6A2F7D5}.Debug|Any CPU.ActiveCfg = Debug|Any CPU
		{1521212A-3FDE-4BBB-BD30-BC33C6A2F7D5}.Debug|Any CPU.Build.0 = Debug|Any CPU
		{1521212A-3FDE-4BBB-BD30-BC33C6A2F7D5}.Release|Any CPU.ActiveCfg = Release|Any CPU
		{1521212A-3FDE-4BBB-BD30-BC33C6A2F7D5}.Release|Any CPU.Build.0 = Release|Any CPU
	EndGlobalSection
	GlobalSection(SolutionProperties) = preSolution
		HideSolutionNode = FALSE
	EndGlobalSection
	GlobalSection(ExtensibilityGlobals) = postSolution
		SolutionGuid = {728B0B79-EA7D-461F-91FD-656BB50D6C8D}
	EndGlobalSection
EndGlobal
